{
  "name": "docs-icons",
  "lockfileVersion": 3,
  "requires": true,
  "packages": {
    "": {
      "name": "docs-icons",
      "workspaces": [
        "packages/*"
      ]
    },
    "node_modules/@hashicorp/flight-icons": {
      "version": "4.2.0",
      "license": "MPL-2.0"
    },
    "node_modules/@iconify-json/carbon": {
      "version": "1.2.18",
      "license": "Apache-2.0",
      "dependencies": {
        "@iconify/types": "*"
      }
    },
    "node_modules/@iconify-json/lucide": {
      "version": "1.2.91",
      "resolved": "https://registry.npmjs.org/@iconify-json/lucide/-/lucide-1.2.91.tgz",
      "integrity": "sha512-8fuRiK+HiNRgCKMspn9UPsDpBw0TqVTIY0LOiDbMnFxOBwAulMXIl+SVOtp4LzxNvCXB5ofYffiiFIFDitqo7w==",
      "license": "ISC",
      "dependencies": {
        "@iconify/types": "*"
      }
    },
    "node_modules/@iconify-json/mdi": {
      "version": "1.2.3",
      "license": "Apache-2.0",
      "dependencies": {
        "@iconify/types": "*"
      }
    },
    "node_modules/@iconify-json/ph": {
      "version": "1.2.2",
      "license": "MIT",
      "dependencies": {
        "@iconify/types": "*"
      }
    },
    "node_modules/@iconify-json/simple-icons": {
      "version": "1.2.71",
      "resolved": "https://registry.npmjs.org/@iconify-json/simple-icons/-/simple-icons-1.2.71.tgz",
      "integrity": "sha512-rNoDFbq1fAYiEexBvrw613/xiUOPEu5MKVV/X8lI64AgdTzLQUUemr9f9fplxUMPoxCBP2rWzlhOEeTHk/Sf0Q==",
      "license": "CC0-1.0",
      "dependencies": {
        "@iconify/types": "*"
      }
    },
    "node_modules/@iconify-json/tabler": {
      "version": "1.2.26",
      "license": "MIT",
      "dependencies": {
        "@iconify/types": "*"
      }
    },
    "node_modules/@iconify/types": {
      "version": "2.0.0",
      "license": "MIT"
    },
    "node_modules/@robinmordasiewicz/icons-carbon": {
      "resolved": "packages/carbon",
      "link": true
    },
    "node_modules/@robinmordasiewicz/icons-f5-brand": {
      "resolved": "packages/f5-brand",
      "link": true
    },
    "node_modules/@robinmordasiewicz/icons-f5xc": {
      "resolved": "packages/f5xc",
      "link": true
    },
    "node_modules/@robinmordasiewicz/icons-hashicorp-flight": {
      "resolved": "packages/hashicorp-flight",
      "link": true
    },
    "node_modules/@robinmordasiewicz/icons-lucide": {
      "resolved": "packages/lucide",
      "link": true
    },
    "node_modules/@robinmordasiewicz/icons-mdi": {
      "resolved": "packages/mdi",
      "link": true
    },
    "node_modules/@robinmordasiewicz/icons-phosphor": {
      "resolved": "packages/phosphor",
      "link": true
    },
    "node_modules/@robinmordasiewicz/icons-simple-icons": {
      "resolved": "packages/simple-icons",
      "link": true
    },
    "node_modules/@robinmordasiewicz/icons-tabler": {
      "resolved": "packages/tabler",
      "link": true
    },
    "packages/carbon": {
      "name": "@robinmordasiewicz/icons-carbon",
      "version": "0.2.0",
      "license": "MIT",
      "dependencies": {
        "@iconify-json/carbon": "^1.2.0"
      }
    },
    "packages/f5-brand": {
      "name": "@robinmordasiewicz/icons-f5-brand",
      "version": "0.2.0",
      "license": "MIT"
    },
    "packages/f5xc": {
      "name": "@robinmordasiewicz/icons-f5xc",
      "version": "0.3.2",
      "license": "MIT"
    },
    "packages/hashicorp-flight": {
      "name": "@robinmordasiewicz/icons-hashicorp-flight",
      "version": "0.3.0",
      "license": "MIT",
      "dependencies": {
        "@hashicorp/flight-icons": "^4.2.0"
      }
    },
    "packages/lucide": {
      "name": "@robinmordasiewicz/icons-lucide",
      "version": "0.2.0",
      "license": "MIT",
      "dependencies": {
        "@iconify-json/lucide": "^1.2.91"
      }
    },
    "packages/mdi": {
      "name": "@robinmordasiewicz/icons-mdi",
      "version": "0.2.0",
      "license": "MIT",
      "dependencies": {
        "@iconify-json/mdi": "^1.2.0"
      }
    },
    "packages/phosphor": {
      "name": "@robinmordasiewicz/icons-phosphor",
      "version": "0.2.0",
      "license": "MIT",
      "dependencies": {
        "@iconify-json/ph": "^1.2.0"
      }
    },
    "packages/simple-icons": {
      "name": "@robinmordasiewicz/icons-simple-icons",
      "version": "0.1.0",
      "license": "MIT",
      "dependencies": {
        "@iconify-json/simple-icons": "^1"
      }
    },
    "packages/tabler": {
      "name": "@robinmordasiewicz/icons-tabler",
      "version": "0.2.0",
      "license": "MIT",
      "dependencies": {
        "@iconify-json/tabler": "^1.2.0"
      }
    }
  }
}
